
Microsoft Visual Studio Solution File, Format Version 12.00
# Visual Studio Version 16
VisualStudioVersion = 25.0.1704.0
MinimumVisualStudioVersion = 10.0.40219.1
Project("{FAE04EC0-301F-11D3-BF4B-00C04F79EFBC}") = "NathanLoggingSystem-API", "NathanLoggingSystem-API\NathanLoggingSystem-API.csproj", "{95CFBF1E-1B5B-4FE0-9680-F0428069EC2E}"
EndProject
Global
	GlobalSection(SolutionConfigurationPlatforms) = preSolution
		Debug|Any CPU = Debug|Any CPU
		Release|Any CPU = Release|Any CPU
	EndGlobalSection
	GlobalSection(ProjectConfigurationPlatforms) = postSolution
		{95CFBF1E-1B5B-4FE0-9680-F0428069EC2E}.Debug|Any CPU.ActiveCfg = Debug|Any CPU
		{95CFBF1E-1B5B-4FE0-9680-F0428069EC2E}.Debug|Any CPU.Build.0 = Debug|Any CPU
		{95CFBF1E-1B5B-4FE0-9680-F0428069EC2E}.Release|Any CPU.ActiveCfg = Release|Any CPU
		{95CFBF1E-1B5B-4FE0-9680-F0428069EC2E}.Release|Any CPU.Build.0 = Release|Any CPU
	EndGlobalSection
	GlobalSection(SolutionProperties) = preSolution
		HideSolutionNode = FALSE
	EndGlobalSection
	GlobalSection(ExtensibilityGlobals) = postSolution
		SolutionGuid = {999AA980-3954-4A63-A305-038FC52F779F}
	EndGlobalSection
EndGlobal
